
Microsoft Visual Studio Solution File, Format Version 12.00
# Visual Studio Version 17
VisualStudioVersion = 17.13.35825.156 d17.13
MinimumVisualStudioVersion = 10.0.40219.1
Project("{FAE04EC0-301F-11D3-BF4B-00C04F79EFBC}") = "Л.Р.3 Завдання 1 (2 варіант)", "Л.Р.3 Завдання 1 (2 варіант)\Л.Р.3 Завдання 1 (2 варіант).csproj", "{EB43D185-349E-4BDA-A29E-01FFED3A9692}"
EndProject
Global
	GlobalSection(SolutionConfigurationPlatforms) = preSolution
		Debug|Any CPU = Debug|Any CPU
		Release|Any CPU = Release|Any CPU
	EndGlobalSection
	GlobalSection(ProjectConfigurationPlatforms) = postSolution
		{EB43D185-349E-4BDA-A29E-01FFED3A9692}.Debug|Any CPU.ActiveCfg = Debug|Any CPU
		{EB43D185-349E-4BDA-A29E-01FFED3A9692}.Debug|Any CPU.Build.0 = Debug|Any CPU
		{EB43D185-349E-4BDA-A29E-01FFED3A9692}.Release|Any CPU.ActiveCfg = Release|Any CPU
		{EB43D185-349E-4BDA-A29E-01FFED3A9692}.Release|Any CPU.Build.0 = Release|Any CPU
	EndGlobalSection
	GlobalSection(SolutionProperties) = preSolution
		HideSolutionNode = FALSE
	EndGlobalSection
	GlobalSection(ExtensibilityGlobals) = postSolution
		SolutionGuid = {B0C8100F-C752-45F8-BBBA-86D19E948DE1}
	EndGlobalSection
EndGlobal
