
Microsoft Visual Studio Solution File, Format Version 12.00
# Visual Studio Version 17
VisualStudioVersion = 17.13.35825.156 d17.13
MinimumVisualStudioVersion = 10.0.40219.1
Project("{FAE04EC0-301F-11D3-BF4B-00C04F79EFBC}") = "Л.Р.3 Завдання 2 (Варіант 2)", "Л.Р.3 Завдання 2 (Варіант 2)\Л.Р.3 Завдання 2 (Варіант 2).csproj", "{FE8AFD0D-1E9E-4856-BCF6-E3CB149DEAFA}"
EndProject
Global
	GlobalSection(SolutionConfigurationPlatforms) = preSolution
		Debug|Any CPU = Debug|Any CPU
		Release|Any CPU = Release|Any CPU
	EndGlobalSection
	GlobalSection(ProjectConfigurationPlatforms) = postSolution
		{FE8AFD0D-1E9E-4856-BCF6-E3CB149DEAFA}.Debug|Any CPU.ActiveCfg = Debug|Any CPU
		{FE8AFD0D-1E9E-4856-BCF6-E3CB149DEAFA}.Debug|Any CPU.Build.0 = Debug|Any CPU
		{FE8AFD0D-1E9E-4856-BCF6-E3CB149DEAFA}.Release|Any CPU.ActiveCfg = Release|Any CPU
		{FE8AFD0D-1E9E-4856-BCF6-E3CB149DEAFA}.Release|Any CPU.Build.0 = Release|Any CPU
	EndGlobalSection
	GlobalSection(SolutionProperties) = preSolution
		HideSolutionNode = FALSE
	EndGlobalSection
	GlobalSection(ExtensibilityGlobals) = postSolution
		SolutionGuid = {4185ED09-A00E-4D78-9713-4C9EE76F3C28}
	EndGlobalSection
EndGlobal
